
Microsoft Visual Studio Solution File, Format Version 12.00
# Visual Studio Version 17
VisualStudioVersion = 17.14.36603.0 d17.14
MinimumVisualStudioVersion = 10.0.40219.1
Project("{FAE04EC0-301F-11D3-BF4B-00C04F79EFBC}") = "Snake_Game", "Snake_Game\Snake_Game.csproj", "{6FD5CE59-2C83-46A8-8989-13F308C59F18}"
EndProject
Global
	GlobalSection(SolutionConfigurationPlatforms) = preSolution
		Debug|Any CPU = Debug|Any CPU
		Release|Any CPU = Release|Any CPU
	EndGlobalSection
	GlobalSection(ProjectConfigurationPlatforms) = postSolution
		{6FD5CE59-2C83-46A8-8989-13F308C59F18}.Debug|Any CPU.ActiveCfg = Debug|Any CPU
		{6FD5CE59-2C83-46A8-8989-13F308C59F18}.Debug|Any CPU.Build.0 = Debug|Any CPU
		{6FD5CE59-2C83-46A8-8989-13F308C59F18}.Release|Any CPU.ActiveCfg = Release|Any CPU
		{6FD5CE59-2C83-46A8-8989-13F308C59F18}.Release|Any CPU.Build.0 = Release|Any CPU
	EndGlobalSection
	GlobalSection(SolutionProperties) = preSolution
		HideSolutionNode = FALSE
	EndGlobalSection
	GlobalSection(ExtensibilityGlobals) = postSolution
		SolutionGuid = {FBBD417C-8589-4A67-AF2E-089C11F33B35}
	EndGlobalSection
EndGlobal
